
Microsoft Visual Studio Solution File, Format Version 12.00
# Visual Studio Version 17
VisualStudioVersion = 17.2.32616.157
MinimumVisualStudioVersion = 10.0.40219.1
Project("{FAE04EC0-301F-11D3-BF4B-00C04F79EFBC}") = "ApiRestCore", "ApiRestCore\ApiRestCore.csproj", "{FC446B2E-AFDA-43B8-8158-478B84A925A7}"
EndProject
Project("{FAE04EC0-301F-11D3-BF4B-00C04F79EFBC}") = "Modelo", "Entidades\Modelo.csproj", "{9DDC4BC1-7B98-4F30-947F-94A32CC01059}"
EndProject
Project("{FAE04EC0-301F-11D3-BF4B-00C04F79EFBC}") = "Negocio", "Negocio\Negocio.csproj", "{98EA30E2-D705-4AC3-A175-969760FD2A39}"
EndProject
Global
	GlobalSection(SolutionConfigurationPlatforms) = preSolution
		Debug|Any CPU = Debug|Any CPU
		Release|Any CPU = Release|Any CPU
	EndGlobalSection
	GlobalSection(ProjectConfigurationPlatforms) = postSolution
		{FC446B2E-AFDA-43B8-8158-478B84A925A7}.Debug|Any CPU.ActiveCfg = Debug|Any CPU
		{FC446B2E-AFDA-43B8-8158-478B84A925A7}.Debug|Any CPU.Build.0 = Debug|Any CPU
		{FC446B2E-AFDA-43B8-8158-478B84A925A7}.Release|Any CPU.ActiveCfg = Release|Any CPU
		{FC446B2E-AFDA-43B8-8158-478B84A925A7}.Release|Any CPU.Build.0 = Release|Any CPU
		{9DDC4BC1-7B98-4F30-947F-94A32CC01059}.Debug|Any CPU.ActiveCfg = Debug|Any CPU
		{9DDC4BC1-7B98-4F30-947F-94A32CC01059}.Debug|Any CPU.Build.0 = Debug|Any CPU
		{9DDC4BC1-7B98-4F30-947F-94A32CC01059}.Release|Any CPU.ActiveCfg = Release|Any CPU
		{9DDC4BC1-7B98-4F30-947F-94A32CC01059}.Release|Any CPU.Build.0 = Release|Any CPU
		{98EA30E2-D705-4AC3-A175-969760FD2A39}.Debug|Any CPU.ActiveCfg = Debug|Any CPU
		{98EA30E2-D705-4AC3-A175-969760FD2A39}.Debug|Any CPU.Build.0 = Debug|Any CPU
		{98EA30E2-D705-4AC3-A175-969760FD2A39}.Release|Any CPU.ActiveCfg = Release|Any CPU
		{98EA30E2-D705-4AC3-A175-969760FD2A39}.Release|Any CPU.Build.0 = Release|Any CPU
	EndGlobalSection
	GlobalSection(SolutionProperties) = preSolution
		HideSolutionNode = FALSE
	EndGlobalSection
	GlobalSection(ExtensibilityGlobals) = postSolution
		SolutionGuid = {4F421B98-230D-401A-A0AE-46A2823C694F}
	EndGlobalSection
EndGlobal
